{
  "name": "Web design",
  "lockfileVersion": 3,
  "requires": true,
  "packages": {
    "": {
      "dependencies": {
        "@fontsource/noto-sans-sinhala": "^5.1.0"
      }
    },
    "node_modules/@fontsource/noto-sans-sinhala": {
      "version": "5.1.0",
      "resolved": "https://registry.npmjs.org/@fontsource/noto-sans-sinhala/-/noto-sans-sinhala-5.1.0.tgz",
      "integrity": "sha512-5qb0m7H0yN7QxyRhFB5pJl5EwvnNniXmdzLUg/d0sXfK46v1O7BTr4Htr2TwPRn8Wz8zDddVgUg5gFOlqlFuoQ==",
      "license": "OFL-1.1"
    }
  }
}
